Microsoft Visual Studio Solution File, Format Version 12.00
# Visual Studio Version 17
VisualStudioVersion = 17.5.2.0
MinimumVisualStudioVersion = 10.0.40219.1
Project("{2150E333-8FDC-42A3-9474-1A3956D46DE8}") = "Labfiles", "Labfiles", "{E34FE7DF-E823-91FC-26CE-DC3F33A9AAE2}"
EndProject
Project("{2150E333-8FDC-42A3-9474-1A3956D46DE8}") = "01-prebuild-models", "01-prebuild-models", "{C0F4BCEF-4418-31BC-9BC4-C551DF4DC29B}"
EndProject
Project("{FAE04EC0-301F-11D3-BF4B-00C04F79EFBC}") = "invoicereader", "Labfiles\01-prebuild-models\CSharp\invoicereader.csproj", "{C2AFEB47-672F-432A-D9D4-404E5CAF982C}"
EndProject
Project("{2150E333-8FDC-42A3-9474-1A3956D46DE8}") = "02-custom-document-intelligence", "02-custom-document-intelligence", "{101A0C04-DA61-3F39-3510-29D364C6DDD7}"
EndProject
Project("{FAE04EC0-301F-11D3-BF4B-00C04F79EFBC}") = "test-model", "Labfiles\02-custom-document-intelligence\C-Sharp\test-model.csproj", "{831F6033-49BE-DC96-38EF-16BAF980F1D7}"
EndProject
Global
	GlobalSection(SolutionConfigurationPlatforms) = preSolution
		Debug|Any CPU = Debug|Any CPU
		Release|Any CPU = Release|Any CPU
	EndGlobalSection
	GlobalSection(ProjectConfigurationPlatforms) = postSolution
		{C2AFEB47-672F-432A-D9D4-404E5CAF982C}.Debug|Any CPU.ActiveCfg = Debug|Any CPU
		{C2AFEB47-672F-432A-D9D4-404E5CAF982C}.Debug|Any CPU.Build.0 = Debug|Any CPU
		{C2AFEB47-672F-432A-D9D4-404E5CAF982C}.Release|Any CPU.ActiveCfg = Release|Any CPU
		{C2AFEB47-672F-432A-D9D4-404E5CAF982C}.Release|Any CPU.Build.0 = Release|Any CPU
		{831F6033-49BE-DC96-38EF-16BAF980F1D7}.Debug|Any CPU.ActiveCfg = Debug|Any CPU
		{831F6033-49BE-DC96-38EF-16BAF980F1D7}.Debug|Any CPU.Build.0 = Debug|Any CPU
		{831F6033-49BE-DC96-38EF-16BAF980F1D7}.Release|Any CPU.ActiveCfg = Release|Any CPU
		{831F6033-49BE-DC96-38EF-16BAF980F1D7}.Release|Any CPU.Build.0 = Release|Any CPU
	EndGlobalSection
	GlobalSection(SolutionProperties) = preSolution
		HideSolutionNode = FALSE
	EndGlobalSection
	GlobalSection(NestedProjects) = preSolution
		{C0F4BCEF-4418-31BC-9BC4-C551DF4DC29B} = {E34FE7DF-E823-91FC-26CE-DC3F33A9AAE2}
		{C2AFEB47-672F-432A-D9D4-404E5CAF982C} = {C0F4BCEF-4418-31BC-9BC4-C551DF4DC29B}
		{101A0C04-DA61-3F39-3510-29D364C6DDD7} = {E34FE7DF-E823-91FC-26CE-DC3F33A9AAE2}
		{831F6033-49BE-DC96-38EF-16BAF980F1D7} = {101A0C04-DA61-3F39-3510-29D364C6DDD7}
	EndGlobalSection
	GlobalSection(ExtensibilityGlobals) = postSolution
		SolutionGuid = {EDD2110C-E4AC-4CB6-B43C-4AACBBBE66BB}
	EndGlobalSection
EndGlobal
